// !$*UTF8*$!
{
	archiveVersion = 1;
	classes = {
	};
	objectVersion = 50;
	objects = {

/* Begin PBXBuildFile section */
		2A526BA025B79D09003385CF /* GraphView.swift in Sources */ = {isa = PBXBuildFile; fileRef = 2A526B9F25B79D09003385CF /* GraphView.swift */; };
		2A7C3A4825B79B4800C69BFF /* DemoGraphApp.swift in Sources */ = {isa = PBXBuildFile; fileRef = 2A7C3A4725B79B4800C69BFF /* DemoGraphApp.swift */; };
		2A7C3A4A25B79B4800C69BFF /* ContentView.swift in Sources */ = {isa = PBXBuildFile; fileRef = 2A7C3A4925B79B4800C69BFF /* ContentView.swift */; };
		2A7C3A4C25B79B4A00C69BFF /* Assets.xcassets in Resources */ = {isa = PBXBuildFile; fileRef = 2A7C3A4B25B79B4A00C69BFF /* Assets.xcassets */; };
		2A7C3A4F25B79B4A00C69BFF /* Preview Assets.xcassets in Resources */ = {isa = PBXBuildFile; fileRef = 2A7C3A4E25B79B4A00C69BFF /* Preview Assets.xcassets */; };
/* End PBXBuildFile section */

/* Begin PBXFileReference section */
		2A526B9F25B79D09003385CF /* GraphView.swift */ = {isa = PBXFileReference; fileEncoding = 4; lastKnownFileType = sourcecode.swift; path = GraphView.swift; sourceTree = "<group>"; };
		2A7C3A4425B79B4800C69BFF /* DemoGraph.app */ = {isa = PBXFileReference; explicitFileType = wrapper.application; includeInIndex = 0; path = DemoGraph.app; sourceTree = BUILT_PRODUCTS_DIR; };
		2A7C3A4725B79B4800C69BFF /* DemoGraphApp.swift */ = {isa = PBXFileReference; lastKnownFileType = sourcecode.swift; path = DemoGraphApp.swift; sourceTree = "<group>"; };
		2A7C3A4925B79B4800C69BFF /* ContentView.swift */ = {isa = PBXFileReference; lastKnownFileType = sourcecode.swift; path = ContentView.swift; sourceTree = "<group>"; };
		2A7C3A4B25B79B4A00C69BFF /* Assets.xcassets */ = {isa = PBXFileReference; lastKnownFileType = folder.assetcatalog; path = Assets.xcassets; sourceTree = "<group>"; };
		2A7C3A4E25B79B4A00C69BFF /* Preview Assets.xcassets */ = {isa = PBXFileReference; lastKnownFileType = folder.assetcatalog; path = "Preview Assets.xcassets"; sourceTree = "<group>"; };
		2A7C3A5025B79B4A00C69BFF /* Info.plist */ = {isa = PBXFileReference; lastKnownFileType = text.plist.xml; path = Info.plist; sourceTree = "<group>"; };
/* End PBXFileReference section */

/* Begin PBXFrameworksBuildPhase section */
		2A7C3A4125B79B4800C69BFF /* Frameworks */ = {
			isa = PBXFrameworksBuildPhase;
			buildActionMask = 2147483647;
			files = (
			);
			runOnlyForDeploymentPostprocessing = 0;
		};
/* End PBXFrameworksBuildPhase section */

/* Begin PBXGroup section */
		2A526B9E25B79CB0003385CF /* GraphViewComponents */ = {
			isa = PBXGroup;
			children = (
				2A526B9F25B79D09003385CF /* GraphView.swift */,
			);
			path = GraphViewComponents;
			sourceTree = "<group>";
		};
		2A7C3A3B25B79B4800C69BFF = {
			isa = PBXGroup;
			children = (
				2A7C3A4625B79B4800C69BFF /* DemoGraph */,
				2A7C3A4525B79B4800C69BFF /* Products */,
			);
			sourceTree = "<group>";
		};
		2A7C3A4525B79B4800C69BFF /* Products */ = {
			isa = PBXGroup;
			children = (
				2A7C3A4425B79B4800C69BFF /* DemoGraph.app */,
			);
			name = Products;
			sourceTree = "<group>";
		};
		2A7C3A4625B79B4800C69BFF /* DemoGraph */ = {
			isa = PBXGroup;
			children = (
				2A526B9E25B79CB0003385CF /* GraphViewComponents */,
				2A7C3A4725B79B4800C69BFF /* DemoGraphApp.swift */,
				2A7C3A4925B79B4800C69BFF /* ContentView.swift */,
				2A7C3A4B25B79B4A00C69BFF /* Assets.xcassets */,
				2A7C3A5025B79B4A00C69BFF /* Info.plist */,
				2A7C3A4D25B79B4A00C69BFF /* Preview Content */,
			);
			path = DemoGraph;
			sourceTree = "<group>";
		};
		2A7C3A4D25B79B4A00C69BFF /* Preview Content */ = {
			isa = PBXGroup;
			children = (
				2A7C3A4E25B79B4A00C69BFF /* Preview Assets.xcassets */,
			);
			path = "Preview Content";
			sourceTree = "<group>";
		};
/* End PBXGroup section */

/* Begin PBXNativeTarget section */
		2A7C3A4325B79B4800C69BFF /* DemoGraph */ = {
			isa = PBXNativeTarget;
			buildConfigurationList = 2A7C3A5325B79B4A00C69BFF /* Build configuration list for PBXNativeTarget "DemoGraph" */;
			buildPhases = (
				2A7C3A4025B79B4800C69BFF /* Sources */,
				2A7C3A4125B79B4800C69BFF /* Frameworks */,
				2A7C3A4225B79B4800C69BFF /* Resources */,
			);
			buildRules = (
			);
			dependencies = (
			);
			name = DemoGraph;
			productName = DemoGraph;
			productReference = 2A7C3A4425B79B4800C69BFF /* DemoGraph.app */;
			productType = "com.apple.product-type.application";
		};
/* End PBXNativeTarget section */

/* Begin PBXProject section */
		2A7C3A3C25B79B4800C69BFF /* Project object */ = {
			isa = PBXProject;
			attributes = {
				LastSwiftUpdateCheck = 1220;
				LastUpgradeCheck = 1220;
				TargetAttributes = {
					2A7C3A4325B79B4800C69BFF = {
						CreatedOnToolsVersion = 12.2;
					};
				};
			};
			buildConfigurationList = 2A7C3A3F25B79B4800C69BFF /* Build configuration list for PBXProject "DemoGraph" */;
			compatibilityVersion = "Xcode 9.3";
			developmentRegion = en;
			hasScannedForEncodings = 0;
			knownRegions = (
				en,
				Base,
			);
			mainGroup = 2A7C3A3B25B79B4800C69BFF;
			productRefGroup = 2A7C3A4525B79B4800C69BFF /* Products */;
			projectDirPath = "";
			projectRoot = "";
			targets = (
				2A7C3A4325B79B4800C69BFF /* DemoGraph */,
			);
		};
/* End PBXProject section */

/* Begin PBXResourcesBuildPhase section */
		2A7C3A4225B79B4800C69BFF /* Resources */ = {
			isa = PBXResourcesBuildPhase;
			buildActionMask = 2147483647;
			files = (
				2A7C3A4F25B79B4A00C69BFF /* Preview Assets.xcassets in Resources */,
				2A7C3A4C25B79B4A00C69BFF /* Assets.xcassets in Resources */,
			);
			runOnlyForDeploymentPostprocessing = 0;
		};
/* End PBXResourcesBuildPhase section */

/* Begin PBXSourcesBuildPhase section */
		2A7C3A4025B79B4800C69BFF /* Sources */ = {
			isa = PBXSourcesBuildPhase;
			buildActionMask = 2147483647;
			files = (
				2A7C3A4A25B79B4800C69BFF /* ContentView.swift in Sources */,
				2A7C3A4825B79B4800C69BFF /* DemoGraphApp.swift in Sources */,
				2A526BA025B79D09003385CF /* GraphView.swift in Sources */,
			);
			runOnlyForDeploymentPostprocessing = 0;
		};
/* End PBXSourcesBuildPhase section */

/* Begin XCBuildConfiguration section */
		2A7C3A5125B79B4A00C69BFF /* Debug */ = {
			isa = XCBuildConfiguration;
			buildSettings = {
				ALWAYS_SEARCH_USER_PATHS = NO;
				CLANG_ANALYZER_NONNULL = YES;
				CLANG_ANALYZER_NUMBER_OBJECT_CONVERSION = YES_AGGRESSIVE;
				CLANG_CXX_LANGUAGE_STANDARD = "gnu++14";
				CLANG_CXX_LIBRARY = "libc++";
				CLANG_ENABLE_MODULES = YES;
				CLANG_ENABLE_OBJC_ARC = YES;
				CLANG_ENABLE_OBJC_WEAK = YES;
				CLANG_WARN_BLOCK_CAPTURE_AUTORELEASING = YES;
				CLANG_WARN_BOOL_CONVERSION = YES;
				CLANG_WARN_COMMA = YES;
				CLANG_WARN_CONSTANT_CONVERSION = YES;
				CLANG_WARN_DEPRECATED_OBJC_IMPLEMENTATIONS = YES;
				CLANG_WARN_DIRECT_OBJC_ISA_USAGE = YES_ERROR;
				CLANG_WARN_DOCUMENTATION_COMMENTS = YES;
				CLANG_WARN_EMPTY_BODY = YES;
				CLANG_WARN_ENUM_CONVERSION = YES;
				CLANG_WARN_INFINITE_RECURSION = YES;
				CLANG_WARN_INT_CONVERSION = YES;
				CLANG_WARN_NON_LITERAL_NULL_CONVERSION = YES;
				CLANG_WARN_OBJC_IMPLICIT_RETAIN_SELF = YES;
				CLANG_WARN_OBJC_LITERAL_CONVERSION = YES;
				CLANG_WARN_OBJC_ROOT_CLASS = YES_ERROR;
				CLANG_WARN_QUOTED_INCLUDE_IN_FRAMEWORK_HEADER = YES;
				CLANG_WARN_RANGE_LOOP_ANALYSIS = YES;
				CLANG_WARN_STRICT_PROTOTYPES = YES;
				CLANG_WARN_SUSPICIOUS_MOVE = YES;
				CLANG_WARN_UNGUARDED_AVAILABILITY = YES_AGGRESSIVE;
				CLANG_WARN_UNREACHABLE_CODE = YES;
				CLANG_WARN__DUPLICATE_METHOD_MATCH = YES;
				COPY_PHASE_STRIP = NO;
				DEBUG_INFORMATION_FORMAT = dwarf;
				ENABLE_STRICT_OBJC_MSGSEND = YES;
				ENABLE_TESTABILITY = YES;
				GCC_C_LANGUAGE_STANDARD = gnu11;
				GCC_DYNAMIC_NO_PIC = NO;
				GCC_NO_COMMON_BLOCKS = YES;
				GCC_OPTIMIZATION_LEVEL = 0;
				GCC_PREPROCESSOR_DEFINITIONS = (
					"DEBUG=1",
					"$(inherited)",
				);
				GCC_WARN_64_TO_32_BIT_CONVERSION = YES;
				GCC_WARN_ABOUT_RETURN_TYPE = YES_ERROR;
				GCC_WARN_UNDECLARED_SELECTOR = YES;
				GCC_WARN_UNINITIALIZED_AUTOS = YES_AGGRESSIVE;
				GCC_WARN_UNUSED_FUNCTION = YES;
				GCC_WARN_UNUSED_VARIABLE = YES;
				IPHONEOS_DEPLOYMENT_TARGET = 14.2;
				MTL_ENABLE_DEBUG_INFO = INCLUDE_SOURCE;
				MTL_FAST_MATH = YES;
				ONLY_ACTIVE_ARCH = YES;
				SDKROOT = iphoneos;
				SWIFT_ACTIVE_COMPILATION_CONDITIONS = DEBUG;
				SWIFT_OPTIMIZATION_LEVEL = "-Onone";
			};
			name = Debug;
		};
		2A7C3A5225B79B4A00C69BFF /* Release */ = {
			isa = XCBuildConfiguration;
			buildSettings = {
				ALWAYS_SEARCH_USER_PATHS = NO;
				CLANG_ANALYZER_NONNULL = YES;
				CLANG_ANALYZER_NUMBER_OBJECT_CONVERSION = YES_AGGRESSIVE;
				CLANG_CXX_LANGUAGE_STANDARD = "gnu++14";
				CLANG_CXX_LIBRARY = "libc++";
				CLANG_ENABLE_MODULES = YES;
				CLANG_ENABLE_OBJC_ARC = YES;
				CLANG_ENABLE_OBJC_WEAK = YES;
				CLANG_WARN_BLOCK_CAPTURE_AUTORELEASING = YES;
				CLANG_WARN_BOOL_CONVERSION = YES;
				CLANG_WARN_COMMA = YES;
				CLANG_WARN_CONSTANT_CONVERSION = YES;
				CLANG_WARN_DEPRECATED_OBJC_IMPLEMENTATIONS = YES;
				CLANG_WARN_DIRECT_OBJC_ISA_USAGE = YES_ERROR;
				CLANG_WARN_DOCUMENTATION_COMMENTS = YES;
				CLANG_WARN_EMPTY_BODY = YES;
				CLANG_WARN_ENUM_CONVERSION = YES;
				CLANG_WARN_INFINITE_RECURSION = YES;
				CLANG_WARN_INT_CONVERSION = YES;
				CLANG_WARN_NON_LITERAL_NULL_CONVERSION = YES;
				CLANG_WARN_OBJC_IMPLICIT_RETAIN_SELF = YES;
				CLANG_WARN_OBJC_LITERAL_CONVERSION = YES;
				CLANG_WARN_OBJC_ROOT_CLASS = YES_ERROR;
				CLANG_WARN_QUOTED_INCLUDE_IN_FRAMEWORK_HEADER = YES;
				CLANG_WARN_RANGE_LOOP_ANALYSIS = YES;
				CLANG_WARN_STRICT_PROTOTYPES = YES;
				CLANG_WARN_SUSPICIOUS_MOVE = YES;
				CLANG_WARN_UNGUARDED_AVAILABILITY = YES_AGGRESSIVE;
				CLANG_WARN_UNREACHABLE_CODE = YES;
				CLANG_WARN__DUPLICATE_METHOD_MATCH = YES;
				COPY_PHASE_STRIP = NO;
				DEBUG_INFORMATION_FORMAT = "dwarf-with-dsym";
				ENABLE_NS_ASSERTIONS = NO;
				ENABLE_STRICT_OBJC_MSGSEND = YES;
				GCC_C_LANGUAGE_STANDARD = gnu11;
				GCC_NO_COMMON_BLOCKS = YES;
				GCC_WARN_64_TO_32_BIT_CONVERSION = YES;
				GCC_WARN_ABOUT_RETURN_TYPE = YES_ERROR;
				GCC_WARN_UNDECLARED_SELECTOR = YES;
				GCC_WARN_UNINITIALIZED_AUTOS = YES_AGGRESSIVE;
				GCC_WARN_UNUSED_FUNCTION = YES;
				GCC_WARN_UNUSED_VARIABLE = YES;
				IPHONEOS_DEPLOYMENT_TARGET = 14.2;
				MTL_ENABLE_DEBUG_INFO = NO;
				MTL_FAST_MATH = YES;
				SDKROOT = iphoneos;
				SWIFT_COMPILATION_MODE = wholemodule;
				SWIFT_OPTIMIZATION_LEVEL = "-O";
				VALIDATE_PRODUCT = YES;
			};
			name = Release;
		};
		2A7C3A5425B79B4A00C69BFF /* Debug */ = {
			isa = XCBuildConfiguration;
			buildSettings = {
				ASSETCATALOG_COMPILER_APPICON_NAME = AppIcon;
				ASSETCATALOG_COMPILER_GLOBAL_ACCENT_COLOR_NAME = AccentColor;
				CODE_SIGN_STYLE = Automatic;
				DEVELOPMENT_ASSET_PATHS = "\"DemoGraph/Preview Content\"";
				DEVELOPMENT_TEAM = PY3J24KKDZ;
				ENABLE_PREVIEWS = YES;
				INFOPLIST_FILE = DemoGraph/Info.plist;
				IPHONEOS_DEPLOYMENT_TARGET = 14.0;
				LD_RUNPATH_SEARCH_PATHS = (
					"$(inherited)",
					"@executable_path/Frameworks",
				);
				PRODUCT_BUNDLE_IDENTIFIER = "west18948-gmail.com.DemoGraph";
				PRODUCT_NAME = "$(TARGET_NAME)";
				SWIFT_VERSION = 5.0;
				TARGETED_DEVICE_FAMILY = "1,2";
			};
			name = Debug;
		};
		2A7C3A5525B79B4A00C69BFF /* Release */ = {
			isa = XCBuildConfiguration;
			buildSettings = {
				ASSETCATALOG_COMPILER_APPICON_NAME = AppIcon;
				ASSETCATALOG_COMPILER_GLOBAL_ACCENT_COLOR_NAME = AccentColor;
				CODE_SIGN_STYLE = Automatic;
				DEVELOPMENT_ASSET_PATHS = "\"DemoGraph/Preview Content\"";
				DEVELOPMENT_TEAM = PY3J24KKDZ;
				ENABLE_PREVIEWS = YES;
				INFOPLIST_FILE = DemoGraph/Info.plist;
				IPHONEOS_DEPLOYMENT_TARGET = 14.0;
				LD_RUNPATH_SEARCH_PATHS = (
					"$(inherited)",
					"@executable_path/Frameworks",
				);
				PRODUCT_BUNDLE_IDENTIFIER = "west18948-gmail.com.DemoGraph";
				PRODUCT_NAME = "$(TARGET_NAME)";
				SWIFT_VERSION = 5.0;
				TARGETED_DEVICE_FAMILY = "1,2";
			};
			name = Release;
		};
/* End XCBuildConfiguration section */

/* Begin XCConfigurationList section */
		2A7C3A3F25B79B4800C69BFF /* Build configuration list for PBXProject "DemoGraph" */ = {
			isa = XCConfigurationList;
			buildConfigurations = (
				2A7C3A5125B79B4A00C69BFF /* Debug */,
				2A7C3A5225B79B4A00C69BFF /* Release */,
			);
			defaultConfigurationIsVisible = 0;
			defaultConfigurationName = Release;
		};
		2A7C3A5325B79B4A00C69BFF /* Build configuration list for PBXNativeTarget "DemoGraph" */ = {
			isa = XCConfigurationList;
			buildConfigurations = (
				2A7C3A5425B79B4A00C69BFF /* Debug */,
				2A7C3A5525B79B4A00C69BFF /* Release */,
			);
			defaultConfigurationIsVisible = 0;
			defaultConfigurationName = Release;
		};
/* End XCConfigurationList section */
	};
	rootObject = 2A7C3A3C25B79B4800C69BFF /* Project object */;
}
